
Microsoft Visual Studio Solution File, Format Version 12.00
# Visual Studio Version 17
VisualStudioVersion = 17.10.35122.118
MinimumVisualStudioVersion = 10.0.40219.1
Project("{FAE04EC0-301F-11D3-BF4B-00C04F79EFBC}") = "Evaluation", "Evaluation\Evaluation.csproj", "{7AE09238-E246-43EC-93CB-1C5D83970A45}"
EndProject
Global
	GlobalSection(SolutionConfigurationPlatforms) = preSolution
		Debug|Any CPU = Debug|Any CPU
		Release|Any CPU = Release|Any CPU
	EndGlobalSection
	GlobalSection(ProjectConfigurationPlatforms) = postSolution
		{7AE09238-E246-43EC-93CB-1C5D83970A45}.Debug|Any CPU.ActiveCfg = Debug|Any CPU
		{7AE09238-E246-43EC-93CB-1C5D83970A45}.Debug|Any CPU.Build.0 = Debug|Any CPU
		{7AE09238-E246-43EC-93CB-1C5D83970A45}.Release|Any CPU.ActiveCfg = Release|Any CPU
		{7AE09238-E246-43EC-93CB-1C5D83970A45}.Release|Any CPU.Build.0 = Release|Any CPU
	EndGlobalSection
	GlobalSection(SolutionProperties) = preSolution
		HideSolutionNode = FALSE
	EndGlobalSection
	GlobalSection(ExtensibilityGlobals) = postSolution
		SolutionGuid = {0B9E8C92-4717-48F6-9492-68FAE74D3A54}
	EndGlobalSection
EndGlobal
